// !$*UTF8*$!
{
	archiveVersion = 1;
	classes = {
	};
	objectVersion = 46;
	objects = {

/* Begin PBXBuildFile section */
		91002DC71C696F4E00F4338C /* main.m in Sources */ = {isa = PBXBuildFile; fileRef = 91002DC61C696F4E00F4338C /* main.m */; };
		91002DCA1C696F4E00F4338C /* AppDelegate.m in Sources */ = {isa = PBXBuildFile; fileRef = 91002DC91C696F4E00F4338C /* AppDelegate.m */; };
		91002DCD1C696F4E00F4338C /* ViewController.m in Sources */ = {isa = PBXBuildFile; fileRef = 91002DCC1C696F4E00F4338C /* ViewController.m */; };
		91002DD01C696F4E00F4338C /* Main.storyboard in Resources */ = {isa = PBXBuildFile; fileRef = 91002DCE1C696F4E00F4338C /* Main.storyboard */; };
		91002DD21C696F4E00F4338C /* Assets.xcassets in Resources */ = {isa = PBXBuildFile; fileRef = 91002DD11C696F4E00F4338C /* Assets.xcassets */; };
		91002DD51C696F4E00F4338C /* LaunchScreen.storyboard in Resources */ = {isa = PBXBuildFile; fileRef = 91002DD31C696F4E00F4338C /* LaunchScreen.storyboard */; };
		91002DE31C697BC700F4338C /* RadixTree.m in Sources */ = {isa = PBXBuildFile; fileRef = 91002DE21C697BC700F4338C /* RadixTree.m */; };
		91002DEC1C697CF000F4338C /* RadixTreeNode.m in Sources */ = {isa = PBXBuildFile; fileRef = 91002DEB1C697CF000F4338C /* RadixTreeNode.m */; };
/* End PBXBuildFile section */

/* Begin PBXFileReference section */
		91002DC21C696F4D00F4338C /* BMWTask2.app */ = {isa = PBXFileReference; explicitFileType = wrapper.application; includeInIndex = 0; path = BMWTask2.app; sourceTree = BUILT_PRODUCTS_DIR; };
		91002DC61C696F4E00F4338C /* main.m */ = {isa = PBXFileReference; lastKnownFileType = sourcecode.c.objc; path = main.m; sourceTree = "<group>"; };
		91002DC81C696F4E00F4338C /* AppDelegate.h */ = {isa = PBXFileReference; lastKnownFileType = sourcecode.c.h; path = AppDelegate.h; sourceTree = "<group>"; };
		91002DC91C696F4E00F4338C /* AppDelegate.m */ = {isa = PBXFileReference; lastKnownFileType = sourcecode.c.objc; path = AppDelegate.m; sourceTree = "<group>"; };
		91002DCB1C696F4E00F4338C /* ViewController.h */ = {isa = PBXFileReference; lastKnownFileType = sourcecode.c.h; path = ViewController.h; sourceTree = "<group>"; };
		91002DCC1C696F4E00F4338C /* ViewController.m */ = {isa = PBXFileReference; lastKnownFileType = sourcecode.c.objc; path = ViewController.m; sourceTree = "<group>"; };
		91002DCF1C696F4E00F4338C /* Base */ = {isa = PBXFileReference; lastKnownFileType = file.storyboard; name = Base; path = Base.lproj/Main.storyboard; sourceTree = "<group>"; };
		91002DD11C696F4E00F4338C /* Assets.xcassets */ = {isa = PBXFileReference; lastKnownFileType = folder.assetcatalog; path = Assets.xcassets; sourceTree = "<group>"; };
		91002DD41C696F4E00F4338C /* Base */ = {isa = PBXFileReference; lastKnownFileType = file.storyboard; name = Base; path = Base.lproj/LaunchScreen.storyboard; sourceTree = "<group>"; };
		91002DD61C696F4E00F4338C /* Info.plist */ = {isa = PBXFileReference; lastKnownFileType = text.plist.xml; path = Info.plist; sourceTree = "<group>"; };
		91002DE11C697BC700F4338C /* RadixTree.h */ = {isa = PBXFileReference; fileEncoding = 4; lastKnownFileType = sourcecode.c.h; path = RadixTree.h; sourceTree = "<group>"; };
		91002DE21C697BC700F4338C /* RadixTree.m */ = {isa = PBXFileReference; fileEncoding = 4; lastKnownFileType = sourcecode.c.objc; path = RadixTree.m; sourceTree = "<group>"; };
		91002DEA1C697CF000F4338C /* RadixTreeNode.h */ = {isa = PBXFileReference; fileEncoding = 4; lastKnownFileType = sourcecode.c.h; path = RadixTreeNode.h; sourceTree = "<group>"; };
		91002DEB1C697CF000F4338C /* RadixTreeNode.m */ = {isa = PBXFileReference; fileEncoding = 4; lastKnownFileType = sourcecode.c.objc; path = RadixTreeNode.m; sourceTree = "<group>"; };
/* End PBXFileReference section */

/* Begin PBXFrameworksBuildPhase section */
		91002DBF1C696F4D00F4338C /* Frameworks */ = {
			isa = PBXFrameworksBuildPhase;
			buildActionMask = 2147483647;
			files = (
			);
			runOnlyForDeploymentPostprocessing = 0;
		};
/* End PBXFrameworksBuildPhase section */

/* Begin PBXGroup section */
		91002DB91C696F4D00F4338C = {
			isa = PBXGroup;
			children = (
				91002DC41C696F4D00F4338C /* BMWTask2 */,
				91002DC31C696F4D00F4338C /* Products */,
			);
			sourceTree = "<group>";
		};
		91002DC31C696F4D00F4338C /* Products */ = {
			isa = PBXGroup;
			children = (
				91002DC21C696F4D00F4338C /* BMWTask2.app */,
			);
			name = Products;
			sourceTree = "<group>";
		};
		91002DC41C696F4D00F4338C /* BMWTask2 */ = {
			isa = PBXGroup;
			children = (
				91002DDC1C696F7400F4338C /* RadixTree */,
				91002DC81C696F4E00F4338C /* AppDelegate.h */,
				91002DC91C696F4E00F4338C /* AppDelegate.m */,
				91002DCB1C696F4E00F4338C /* ViewController.h */,
				91002DCC1C696F4E00F4338C /* ViewController.m */,
				91002DCE1C696F4E00F4338C /* Main.storyboard */,
				91002DD11C696F4E00F4338C /* Assets.xcassets */,
				91002DD31C696F4E00F4338C /* LaunchScreen.storyboard */,
				91002DD61C696F4E00F4338C /* Info.plist */,
				91002DC51C696F4D00F4338C /* Supporting Files */,
			);
			path = BMWTask2;
			sourceTree = "<group>";
		};
		91002DC51C696F4D00F4338C /* Supporting Files */ = {
			isa = PBXGroup;
			children = (
				91002DC61C696F4E00F4338C /* main.m */,
			);
			name = "Supporting Files";
			sourceTree = "<group>";
		};
		91002DDC1C696F7400F4338C /* RadixTree */ = {
			isa = PBXGroup;
			children = (
				91002DE11C697BC700F4338C /* RadixTree.h */,
				91002DE21C697BC700F4338C /* RadixTree.m */,
				91002DEA1C697CF000F4338C /* RadixTreeNode.h */,
				91002DEB1C697CF000F4338C /* RadixTreeNode.m */,
			);
			name = RadixTree;
			sourceTree = "<group>";
		};
/* End PBXGroup section */

/* Begin PBXNativeTarget section */
		91002DC11C696F4D00F4338C /* BMWTask2 */ = {
			isa = PBXNativeTarget;
			buildConfigurationList = 91002DD91C696F4E00F4338C /* Build configuration list for PBXNativeTarget "BMWTask2" */;
			buildPhases = (
				91002DBE1C696F4D00F4338C /* Sources */,
				91002DBF1C696F4D00F4338C /* Frameworks */,
				91002DC01C696F4D00F4338C /* Resources */,
			);
			buildRules = (
			);
			dependencies = (
			);
			name = BMWTask2;
			productName = BMWTask2;
			productReference = 91002DC21C696F4D00F4338C /* BMWTask2.app */;
			productType = "com.apple.product-type.application";
		};
/* End PBXNativeTarget section */

/* Begin PBXProject section */
		91002DBA1C696F4D00F4338C /* Project object */ = {
			isa = PBXProject;
			attributes = {
				LastUpgradeCheck = 0710;
				ORGANIZATIONNAME = "Toheed Khan";
				TargetAttributes = {
					91002DC11C696F4D00F4338C = {
						CreatedOnToolsVersion = 7.1.1;
					};
				};
			};
			buildConfigurationList = 91002DBD1C696F4D00F4338C /* Build configuration list for PBXProject "BMWTask2" */;
			compatibilityVersion = "Xcode 3.2";
			developmentRegion = English;
			hasScannedForEncodings = 0;
			knownRegions = (
				en,
				Base,
			);
			mainGroup = 91002DB91C696F4D00F4338C;
			productRefGroup = 91002DC31C696F4D00F4338C /* Products */;
			projectDirPath = "";
			projectRoot = "";
			targets = (
				91002DC11C696F4D00F4338C /* BMWTask2 */,
			);
		};
/* End PBXProject section */

/* Begin PBXResourcesBuildPhase section */
		91002DC01C696F4D00F4338C /* Resources */ = {
			isa = PBXResourcesBuildPhase;
			buildActionMask = 2147483647;
			files = (
				91002DD51C696F4E00F4338C /* LaunchScreen.storyboard in Resources */,
				91002DD21C696F4E00F4338C /* Assets.xcassets in Resources */,
				91002DD01C696F4E00F4338C /* Main.storyboard in Resources */,
			);
			runOnlyForDeploymentPostprocessing = 0;
		};
/* End PBXResourcesBuildPhase section */

/* Begin PBXSourcesBuildPhase section */
		91002DBE1C696F4D00F4338C /* Sources */ = {
			isa = PBXSourcesBuildPhase;
			buildActionMask = 2147483647;
			files = (
				91002DCD1C696F4E00F4338C /* ViewController.m in Sources */,
				91002DEC1C697CF000F4338C /* RadixTreeNode.m in Sources */,
				91002DCA1C696F4E00F4338C /* AppDelegate.m in Sources */,
				91002DC71C696F4E00F4338C /* main.m in Sources */,
				91002DE31C697BC700F4338C /* RadixTree.m in Sources */,
			);
			runOnlyForDeploymentPostprocessing = 0;
		};
/* End PBXSourcesBuildPhase section */

/* Begin PBXVariantGroup section */
		91002DCE1C696F4E00F4338C /* Main.storyboard */ = {
			isa = PBXVariantGroup;
			children = (
				91002DCF1C696F4E00F4338C /* Base */,
			);
			name = Main.storyboard;
			sourceTree = "<group>";
		};
		91002DD31C696F4E00F4338C /* LaunchScreen.storyboard */ = {
			isa = PBXVariantGroup;
			children = (
				91002DD41C696F4E00F4338C /* Base */,
			);
			name = LaunchScreen.storyboard;
			sourceTree = "<group>";
		};
/* End PBXVariantGroup section */

/* Begin XCBuildConfiguration section */
		91002DD71C696F4E00F4338C /* Debug */ = {
			isa = XCBuildConfiguration;
			buildSettings = {
				ALWAYS_SEARCH_USER_PATHS = NO;
				CLANG_CXX_LANGUAGE_STANDARD = "gnu++0x";
				CLANG_CXX_LIBRARY = "libc++";
				CLANG_ENABLE_MODULES = YES;
				CLANG_ENABLE_OBJC_ARC = YES;
				CLANG_WARN_BOOL_CONVERSION = YES;
				CLANG_WARN_CONSTANT_CONVERSION = YES;
				CLANG_WARN_DIRECT_OBJC_ISA_USAGE = YES_ERROR;
				CLANG_WARN_EMPTY_BODY = YES;
				CLANG_WARN_ENUM_CONVERSION = YES;
				CLANG_WARN_INT_CONVERSION = YES;
				CLANG_WARN_OBJC_ROOT_CLASS = YES_ERROR;
				CLANG_WARN_UNREACHABLE_CODE = YES;
				CLANG_WARN__DUPLICATE_METHOD_MATCH = YES;
				"CODE_SIGN_IDENTITY[sdk=iphoneos*]" = "iPhone Developer";
				COPY_PHASE_STRIP = NO;
				DEBUG_INFORMATION_FORMAT = dwarf;
				ENABLE_STRICT_OBJC_MSGSEND = YES;
				ENABLE_TESTABILITY = YES;
				GCC_C_LANGUAGE_STANDARD = gnu99;
				GCC_DYNAMIC_NO_PIC = NO;
				GCC_NO_COMMON_BLOCKS = YES;
				GCC_OPTIMIZATION_LEVEL = 0;
				GCC_PREPROCESSOR_DEFINITIONS = (
					"DEBUG=1",
					"$(inherited)",
				);
				GCC_WARN_64_TO_32_BIT_CONVERSION = YES;
				GCC_WARN_ABOUT_RETURN_TYPE = YES_ERROR;
				GCC_WARN_UNDECLARED_SELECTOR = YES;
				GCC_WARN_UNINITIALIZED_AUTOS = YES_AGGRESSIVE;
				GCC_WARN_UNUSED_FUNCTION = YES;
				GCC_WARN_UNUSED_VARIABLE = YES;
				IPHONEOS_DEPLOYMENT_TARGET = 9.1;
				MTL_ENABLE_DEBUG_INFO = YES;
				ONLY_ACTIVE_ARCH = YES;
				SDKROOT = iphoneos;
			};
			name = Debug;
		};
		91002DD81C696F4E00F4338C /* Release */ = {
			isa = XCBuildConfiguration;
			buildSettings = {
				ALWAYS_SEARCH_USER_PATHS = NO;
				CLANG_CXX_LANGUAGE_STANDARD = "gnu++0x";
				CLANG_CXX_LIBRARY = "libc++";
				CLANG_ENABLE_MODULES = YES;
				CLANG_ENABLE_OBJC_ARC = YES;
				CLANG_WARN_BOOL_CONVERSION = YES;
				CLANG_WARN_CONSTANT_CONVERSION = YES;
				CLANG_WARN_DIRECT_OBJC_ISA_USAGE = YES_ERROR;
				CLANG_WARN_EMPTY_BODY = YES;
				CLANG_WARN_ENUM_CONVERSION = YES;
				CLANG_WARN_INT_CONVERSION = YES;
				CLANG_WARN_OBJC_ROOT_CLASS = YES_ERROR;
				CLANG_WARN_UNREACHABLE_CODE = YES;
				CLANG_WARN__DUPLICATE_METHOD_MATCH = YES;
				"CODE_SIGN_IDENTITY[sdk=iphoneos*]" = "iPhone Developer";
				COPY_PHASE_STRIP = NO;
				DEBUG_INFORMATION_FORMAT = "dwarf-with-dsym";
				ENABLE_NS_ASSERTIONS = NO;
				ENABLE_STRICT_OBJC_MSGSEND = YES;
				GCC_C_LANGUAGE_STANDARD = gnu99;
				GCC_NO_COMMON_BLOCKS = YES;
				GCC_WARN_64_TO_32_BIT_CONVERSION = YES;
				GCC_WARN_ABOUT_RETURN_TYPE = YES_ERROR;
				GCC_WARN_UNDECLARED_SELECTOR = YES;
				GCC_WARN_UNINITIALIZED_AUTOS = YES_AGGRESSIVE;
				GCC_WARN_UNUSED_FUNCTION = YES;
				GCC_WARN_UNUSED_VARIABLE = YES;
				IPHONEOS_DEPLOYMENT_TARGET = 9.1;
				MTL_ENABLE_DEBUG_INFO = NO;
				SDKROOT = iphoneos;
				VALIDATE_PRODUCT = YES;
			};
			name = Release;
		};
		91002DDA1C696F4E00F4338C /* Debug */ = {
			isa = XCBuildConfiguration;
			buildSettings = {
				ASSETCATALOG_COMPILER_APPICON_NAME = AppIcon;
				INFOPLIST_FILE = BMWTask2/Info.plist;
				LD_RUNPATH_SEARCH_PATHS = "$(inherited) @executable_path/Frameworks";
				PRODUCT_BUNDLE_IDENTIFIER = com.9ledge.mission.BMWTask2;
				PRODUCT_NAME = "$(TARGET_NAME)";
			};
			name = Debug;
		};
		91002DDB1C696F4E00F4338C /* Release */ = {
			isa = XCBuildConfiguration;
			buildSettings = {
				ASSETCATALOG_COMPILER_APPICON_NAME = AppIcon;
				INFOPLIST_FILE = BMWTask2/Info.plist;
				LD_RUNPATH_SEARCH_PATHS = "$(inherited) @executable_path/Frameworks";
				PRODUCT_BUNDLE_IDENTIFIER = com.9ledge.mission.BMWTask2;
				PRODUCT_NAME = "$(TARGET_NAME)";
			};
			name = Release;
		};
/* End XCBuildConfiguration section */

/* Begin XCConfigurationList section */
		91002DBD1C696F4D00F4338C /* Build configuration list for PBXProject "BMWTask2" */ = {
			isa = XCConfigurationList;
			buildConfigurations = (
				91002DD71C696F4E00F4338C /* Debug */,
				91002DD81C696F4E00F4338C /* Release */,
			);
			defaultConfigurationIsVisible = 0;
			defaultConfigurationName = Release;
		};
		91002DD91C696F4E00F4338C /* Build configuration list for PBXNativeTarget "BMWTask2" */ = {
			isa = XCConfigurationList;
			buildConfigurations = (
				91002DDA1C696F4E00F4338C /* Debug */,
				91002DDB1C696F4E00F4338C /* Release */,
			);
			defaultConfigurationIsVisible = 0;
			defaultConfigurationName = Release;
		};
/* End XCConfigurationList section */
	};
	rootObject = 91002DBA1C696F4D00F4338C /* Project object */;
}
